
Microsoft Visual Studio Solution File, Format Version 12.00
# Visual Studio 14
VisualStudioVersion = 14.0.25123.0
MinimumVisualStudioVersion = 10.0.40219.1
Project("{FAE04EC0-301F-11D3-BF4B-00C04F79EFBC}") = "DataAccess", "DataAccess\DataAccess.csproj", "{C0EB04E1-AFD3-4A77-92E3-9FFF9BC5187B}"
EndProject
Project("{FAE04EC0-301F-11D3-BF4B-00C04F79EFBC}") = "Common", "Common\Common.csproj", "{D94EAA9D-C403-44CF-8158-C28531FBD150}"
EndProject
Project("{FAE04EC0-301F-11D3-BF4B-00C04F79EFBC}") = "CommonTests", "CommonTests\CommonTests.csproj", "{C5408461-8ED1-4F5F-ADF1-F5FB98C7642E}"
EndProject
Project("{FAE04EC0-301F-11D3-BF4B-00C04F79EFBC}") = "DataAccessTests", "DataAccessTests\DataAccessTests.csproj", "{D24D0555-5F70-4A3A-B8B9-89915CB06783}"
EndProject
Global
	GlobalSection(SolutionConfigurationPlatforms) = preSolution
		Debug|Any CPU = Debug|Any CPU
		Release|Any CPU = Release|Any CPU
	EndGlobalSection
	GlobalSection(ProjectConfigurationPlatforms) = postSolution
		{C0EB04E1-AFD3-4A77-92E3-9FFF9BC5187B}.Debug|Any CPU.ActiveCfg = Debug|Any CPU
		{C0EB04E1-AFD3-4A77-92E3-9FFF9BC5187B}.Debug|Any CPU.Build.0 = Debug|Any CPU
		{C0EB04E1-AFD3-4A77-92E3-9FFF9BC5187B}.Release|Any CPU.ActiveCfg = Release|Any CPU
		{C0EB04E1-AFD3-4A77-92E3-9FFF9BC5187B}.Release|Any CPU.Build.0 = Release|Any CPU
		{D94EAA9D-C403-44CF-8158-C28531FBD150}.Debug|Any CPU.ActiveCfg = Debug|Any CPU
		{D94EAA9D-C403-44CF-8158-C28531FBD150}.Debug|Any CPU.Build.0 = Debug|Any CPU
		{D94EAA9D-C403-44CF-8158-C28531FBD150}.Release|Any CPU.ActiveCfg = Release|Any CPU
		{D94EAA9D-C403-44CF-8158-C28531FBD150}.Release|Any CPU.Build.0 = Release|Any CPU
		{C5408461-8ED1-4F5F-ADF1-F5FB98C7642E}.Debug|Any CPU.ActiveCfg = Debug|Any CPU
		{C5408461-8ED1-4F5F-ADF1-F5FB98C7642E}.Debug|Any CPU.Build.0 = Debug|Any CPU
		{C5408461-8ED1-4F5F-ADF1-F5FB98C7642E}.Release|Any CPU.ActiveCfg = Release|Any CPU
		{C5408461-8ED1-4F5F-ADF1-F5FB98C7642E}.Release|Any CPU.Build.0 = Release|Any CPU
		{D24D0555-5F70-4A3A-B8B9-89915CB06783}.Debug|Any CPU.ActiveCfg = Debug|Any CPU
		{D24D0555-5F70-4A3A-B8B9-89915CB06783}.Debug|Any CPU.Build.0 = Debug|Any CPU
		{D24D0555-5F70-4A3A-B8B9-89915CB06783}.Release|Any CPU.ActiveCfg = Release|Any CPU
		{D24D0555-5F70-4A3A-B8B9-89915CB06783}.Release|Any CPU.Build.0 = Release|Any CPU
	EndGlobalSection
	GlobalSection(SolutionProperties) = preSolution
		HideSolutionNode = FALSE
	EndGlobalSection
EndGlobal
